
Microsoft Visual Studio Solution File, Format Version 12.00
# Visual Studio Version 17
VisualStudioVersion = 17.0.31903.59
MinimumVisualStudioVersion = 10.0.40219.1
Project("{2150E333-8FDC-42A3-9474-1A3956D46DE8}") = "src", "src", "{AB9A26ED-E860-4FDD-9AA7-E9319E04DB81}"
EndProject
Project("{FAE04EC0-301F-11D3-BF4B-00C04F79EFBC}") = "Nokto.Core", "src\Nokto.Core\Nokto.Core.csproj", "{99B1121D-4384-45B1-BD61-666A9D135069}"
EndProject
Project("{FAE04EC0-301F-11D3-BF4B-00C04F79EFBC}") = "Nokto.Platform.Windows", "src\Nokto.Platform.Windows\Nokto.Platform.Windows.csproj", "{88238F95-1E84-4F58-9131-CE9ED0876751}"
EndProject
Project("{FAE04EC0-301F-11D3-BF4B-00C04F79EFBC}") = "Nokto.Platform.MacOs", "src\Nokto.Platform.MacOs\Nokto.Platform.MacOs.csproj", "{675792E4-8C30-4B2F-88FF-2B4AF4D7A40B}"
EndProject
Project("{FAE04EC0-301F-11D3-BF4B-00C04F79EFBC}") = "Nokto.LanServer", "src\Nokto.LanServer\Nokto.LanServer.csproj", "{680D13F2-993E-40F7-A5F9-E6E56874F2AB}"
EndProject
Project("{2150E333-8FDC-42A3-9474-1A3956D46DE8}") = "tests", "tests", "{B2E74FB2-CA98-48DA-A586-F699B73491F2}"
EndProject
Project("{FAE04EC0-301F-11D3-BF4B-00C04F79EFBC}") = "Nokto.ConsoleTest", "tests\Nokto.ConsoleTest\Nokto.ConsoleTest.csproj", "{C3211F04-64BB-4377-B17B-58D229255E74}"
EndProject
Project("{FAE04EC0-301F-11D3-BF4B-00C04F79EFBC}") = "Nokto.UI", "src\Nokto.UI\Nokto.UI.csproj", "{DACF6D15-3E7F-4C8D-9BDA-A5D40303FD1F}"
EndProject
Global
	GlobalSection(SolutionConfigurationPlatforms) = preSolution
		Debug|Any CPU = Debug|Any CPU
		Release|Any CPU = Release|Any CPU
	EndGlobalSection
	GlobalSection(SolutionProperties) = preSolution
		HideSolutionNode = FALSE
	EndGlobalSection
	GlobalSection(ProjectConfigurationPlatforms) = postSolution
		{99B1121D-4384-45B1-BD61-666A9D135069}.Debug|Any CPU.ActiveCfg = Debug|Any CPU
		{99B1121D-4384-45B1-BD61-666A9D135069}.Debug|Any CPU.Build.0 = Debug|Any CPU
		{99B1121D-4384-45B1-BD61-666A9D135069}.Release|Any CPU.ActiveCfg = Release|Any CPU
		{99B1121D-4384-45B1-BD61-666A9D135069}.Release|Any CPU.Build.0 = Release|Any CPU
		{88238F95-1E84-4F58-9131-CE9ED0876751}.Debug|Any CPU.ActiveCfg = Debug|Any CPU
		{88238F95-1E84-4F58-9131-CE9ED0876751}.Debug|Any CPU.Build.0 = Debug|Any CPU
		{88238F95-1E84-4F58-9131-CE9ED0876751}.Release|Any CPU.ActiveCfg = Release|Any CPU
		{88238F95-1E84-4F58-9131-CE9ED0876751}.Release|Any CPU.Build.0 = Release|Any CPU
		{675792E4-8C30-4B2F-88FF-2B4AF4D7A40B}.Debug|Any CPU.ActiveCfg = Debug|Any CPU
		{675792E4-8C30-4B2F-88FF-2B4AF4D7A40B}.Debug|Any CPU.Build.0 = Debug|Any CPU
		{675792E4-8C30-4B2F-88FF-2B4AF4D7A40B}.Release|Any CPU.ActiveCfg = Release|Any CPU
		{675792E4-8C30-4B2F-88FF-2B4AF4D7A40B}.Release|Any CPU.Build.0 = Release|Any CPU
		{680D13F2-993E-40F7-A5F9-E6E56874F2AB}.Debug|Any CPU.ActiveCfg = Debug|Any CPU
		{680D13F2-993E-40F7-A5F9-E6E56874F2AB}.Debug|Any CPU.Build.0 = Debug|Any CPU
		{680D13F2-993E-40F7-A5F9-E6E56874F2AB}.Release|Any CPU.ActiveCfg = Release|Any CPU
		{680D13F2-993E-40F7-A5F9-E6E56874F2AB}.Release|Any CPU.Build.0 = Release|Any CPU
		{C3211F04-64BB-4377-B17B-58D229255E74}.Debug|Any CPU.ActiveCfg = Debug|Any CPU
		{C3211F04-64BB-4377-B17B-58D229255E74}.Debug|Any CPU.Build.0 = Debug|Any CPU
		{C3211F04-64BB-4377-B17B-58D229255E74}.Release|Any CPU.ActiveCfg = Release|Any CPU
		{C3211F04-64BB-4377-B17B-58D229255E74}.Release|Any CPU.Build.0 = Release|Any CPU
		{DACF6D15-3E7F-4C8D-9BDA-A5D40303FD1F}.Debug|Any CPU.ActiveCfg = Debug|Any CPU
		{DACF6D15-3E7F-4C8D-9BDA-A5D40303FD1F}.Debug|Any CPU.Build.0 = Debug|Any CPU
		{DACF6D15-3E7F-4C8D-9BDA-A5D40303FD1F}.Release|Any CPU.ActiveCfg = Release|Any CPU
		{DACF6D15-3E7F-4C8D-9BDA-A5D40303FD1F}.Release|Any CPU.Build.0 = Release|Any CPU
	EndGlobalSection
	GlobalSection(NestedProjects) = preSolution
		{99B1121D-4384-45B1-BD61-666A9D135069} = {AB9A26ED-E860-4FDD-9AA7-E9319E04DB81}
		{88238F95-1E84-4F58-9131-CE9ED0876751} = {AB9A26ED-E860-4FDD-9AA7-E9319E04DB81}
		{675792E4-8C30-4B2F-88FF-2B4AF4D7A40B} = {AB9A26ED-E860-4FDD-9AA7-E9319E04DB81}
		{680D13F2-993E-40F7-A5F9-E6E56874F2AB} = {AB9A26ED-E860-4FDD-9AA7-E9319E04DB81}
		{C3211F04-64BB-4377-B17B-58D229255E74} = {B2E74FB2-CA98-48DA-A586-F699B73491F2}
		{DACF6D15-3E7F-4C8D-9BDA-A5D40303FD1F} = {AB9A26ED-E860-4FDD-9AA7-E9319E04DB81}
	EndGlobalSection
EndGlobal
